// !$*UTF8*$!
{
	archiveVersion = 1;
	classes = {
	};
	objectVersion = 56;
	objects = {

/* Begin PBXBuildFile section */
		9C3B3B322A9D73FA00B065F3 /* CardView.swift in Sources */ = {isa = PBXBuildFile; fileRef = 9C3B3B312A9D73FA00B065F3 /* CardView.swift */; };
		9C3B3B362A9D9AAF00B065F3 /* CardBack.swift in Sources */ = {isa = PBXBuildFile; fileRef = 9C3B3B352A9D9AAF00B065F3 /* CardBack.swift */; };
		9C9D895E2A9D5A2900DC1D72 /* sol_4App.swift in Sources */ = {isa = PBXBuildFile; fileRef = 9C9D895D2A9D5A2900DC1D72 /* sol_4App.swift */; };
		9C9D89622A9D5A2F00DC1D72 /* Assets.xcassets in Resources */ = {isa = PBXBuildFile; fileRef = 9C9D89612A9D5A2F00DC1D72 /* Assets.xcassets */; };
		9C9D89652A9D5A2F00DC1D72 /* Preview Assets.xcassets in Resources */ = {isa = PBXBuildFile; fileRef = 9C9D89642A9D5A2F00DC1D72 /* Preview Assets.xcassets */; };
		9C9D89702A9D5B0800DC1D72 /* SymbolSetGame.swift in Sources */ = {isa = PBXBuildFile; fileRef = 9C9D896E2A9D5B0800DC1D72 /* SymbolSetGame.swift */; };
		9C9D89712A9D5B0800DC1D72 /* SymbolSetGameView.swift in Sources */ = {isa = PBXBuildFile; fileRef = 9C9D896F2A9D5B0800DC1D72 /* SymbolSetGameView.swift */; };
		9C9D89732A9D5B1800DC1D72 /* SetGame.swift in Sources */ = {isa = PBXBuildFile; fileRef = 9C9D89722A9D5B1800DC1D72 /* SetGame.swift */; };
		9C9D89792A9D5B3700DC1D72 /* Squiggle.swift in Sources */ = {isa = PBXBuildFile; fileRef = 9C9D89742A9D5B3700DC1D72 /* Squiggle.swift */; };
		9C9D897A2A9D5B3700DC1D72 /* Diamond.swift in Sources */ = {isa = PBXBuildFile; fileRef = 9C9D89752A9D5B3700DC1D72 /* Diamond.swift */; };
		9C9D897B2A9D5B3700DC1D72 /* Oval.swift in Sources */ = {isa = PBXBuildFile; fileRef = 9C9D89762A9D5B3700DC1D72 /* Oval.swift */; };
		9C9D897C2A9D5B3700DC1D72 /* SymbolBuilder.swift in Sources */ = {isa = PBXBuildFile; fileRef = 9C9D89772A9D5B3700DC1D72 /* SymbolBuilder.swift */; };
		9C9D897D2A9D5B3700DC1D72 /* AspectVGrid.swift in Sources */ = {isa = PBXBuildFile; fileRef = 9C9D89782A9D5B3700DC1D72 /* AspectVGrid.swift */; };
/* End PBXBuildFile section */

/* Begin PBXFileReference section */
		9C3B3B312A9D73FA00B065F3 /* CardView.swift */ = {isa = PBXFileReference; lastKnownFileType = sourcecode.swift; path = CardView.swift; sourceTree = "<group>"; };
		9C3B3B352A9D9AAF00B065F3 /* CardBack.swift */ = {isa = PBXFileReference; lastKnownFileType = sourcecode.swift; path = CardBack.swift; sourceTree = "<group>"; };
		9C9D895A2A9D5A2900DC1D72 /* sol_4.app */ = {isa = PBXFileReference; explicitFileType = wrapper.application; includeInIndex = 0; path = sol_4.app; sourceTree = BUILT_PRODUCTS_DIR; };
		9C9D895D2A9D5A2900DC1D72 /* sol_4App.swift */ = {isa = PBXFileReference; lastKnownFileType = sourcecode.swift; path = sol_4App.swift; sourceTree = "<group>"; };
		9C9D89612A9D5A2F00DC1D72 /* Assets.xcassets */ = {isa = PBXFileReference; lastKnownFileType = folder.assetcatalog; path = Assets.xcassets; sourceTree = "<group>"; };
		9C9D89642A9D5A2F00DC1D72 /* Preview Assets.xcassets */ = {isa = PBXFileReference; lastKnownFileType = folder.assetcatalog; path = "Preview Assets.xcassets"; sourceTree = "<group>"; };
		9C9D896E2A9D5B0800DC1D72 /* SymbolSetGame.swift */ = {isa = PBXFileReference; fileEncoding = 4; lastKnownFileType = sourcecode.swift; path = SymbolSetGame.swift; sourceTree = "<group>"; };
		9C9D896F2A9D5B0800DC1D72 /* SymbolSetGameView.swift */ = {isa = PBXFileReference; fileEncoding = 4; lastKnownFileType = sourcecode.swift; path = SymbolSetGameView.swift; sourceTree = "<group>"; };
		9C9D89722A9D5B1800DC1D72 /* SetGame.swift */ = {isa = PBXFileReference; fileEncoding = 4; lastKnownFileType = sourcecode.swift; path = SetGame.swift; sourceTree = "<group>"; };
		9C9D89742A9D5B3700DC1D72 /* Squiggle.swift */ = {isa = PBXFileReference; fileEncoding = 4; lastKnownFileType = sourcecode.swift; path = Squiggle.swift; sourceTree = "<group>"; };
		9C9D89752A9D5B3700DC1D72 /* Diamond.swift */ = {isa = PBXFileReference; fileEncoding = 4; lastKnownFileType = sourcecode.swift; path = Diamond.swift; sourceTree = "<group>"; };
		9C9D89762A9D5B3700DC1D72 /* Oval.swift */ = {isa = PBXFileReference; fileEncoding = 4; lastKnownFileType = sourcecode.swift; path = Oval.swift; sourceTree = "<group>"; };
		9C9D89772A9D5B3700DC1D72 /* SymbolBuilder.swift */ = {isa = PBXFileReference; fileEncoding = 4; lastKnownFileType = sourcecode.swift; path = SymbolBuilder.swift; sourceTree = "<group>"; };
		9C9D89782A9D5B3700DC1D72 /* AspectVGrid.swift */ = {isa = PBXFileReference; fileEncoding = 4; lastKnownFileType = sourcecode.swift; path = AspectVGrid.swift; sourceTree = "<group>"; };
/* End PBXFileReference section */

/* Begin PBXFrameworksBuildPhase section */
		9C9D89572A9D5A2900DC1D72 /* Frameworks */ = {
			isa = PBXFrameworksBuildPhase;
			buildActionMask = 2147483647;
			files = (
			);
			runOnlyForDeploymentPostprocessing = 0;
		};
/* End PBXFrameworksBuildPhase section */

/* Begin PBXGroup section */
		9C9D89512A9D5A2900DC1D72 = {
			isa = PBXGroup;
			children = (
				9C9D895C2A9D5A2900DC1D72 /* sol_4 */,
				9C9D895B2A9D5A2900DC1D72 /* Products */,
			);
			sourceTree = "<group>";
		};
		9C9D895B2A9D5A2900DC1D72 /* Products */ = {
			isa = PBXGroup;
			children = (
				9C9D895A2A9D5A2900DC1D72 /* sol_4.app */,
			);
			name = Products;
			sourceTree = "<group>";
		};
		9C9D895C2A9D5A2900DC1D72 /* sol_4 */ = {
			isa = PBXGroup;
			children = (
				9C9D895D2A9D5A2900DC1D72 /* sol_4App.swift */,
				9C9D896D2A9D5AD400DC1D72 /* Model */,
				9C9D896B2A9D5A3900DC1D72 /* View */,
				9C9D896C2A9D5A5200DC1D72 /* ViewModel */,
				9C9D89612A9D5A2F00DC1D72 /* Assets.xcassets */,
				9C9D89632A9D5A2F00DC1D72 /* Preview Content */,
			);
			path = sol_4;
			sourceTree = "<group>";
		};
		9C9D89632A9D5A2F00DC1D72 /* Preview Content */ = {
			isa = PBXGroup;
			children = (
				9C9D89642A9D5A2F00DC1D72 /* Preview Assets.xcassets */,
			);
			path = "Preview Content";
			sourceTree = "<group>";
		};
		9C9D896B2A9D5A3900DC1D72 /* View */ = {
			isa = PBXGroup;
			children = (
				9C9D89782A9D5B3700DC1D72 /* AspectVGrid.swift */,
				9C9D89752A9D5B3700DC1D72 /* Diamond.swift */,
				9C9D89762A9D5B3700DC1D72 /* Oval.swift */,
				9C9D89742A9D5B3700DC1D72 /* Squiggle.swift */,
				9C9D89772A9D5B3700DC1D72 /* SymbolBuilder.swift */,
				9C3B3B312A9D73FA00B065F3 /* CardView.swift */,
				9C3B3B352A9D9AAF00B065F3 /* CardBack.swift */,
			);
			path = View;
			sourceTree = "<group>";
		};
		9C9D896C2A9D5A5200DC1D72 /* ViewModel */ = {
			isa = PBXGroup;
			children = (
				9C9D896E2A9D5B0800DC1D72 /* SymbolSetGame.swift */,
				9C9D896F2A9D5B0800DC1D72 /* SymbolSetGameView.swift */,
			);
			path = ViewModel;
			sourceTree = "<group>";
		};
		9C9D896D2A9D5AD400DC1D72 /* Model */ = {
			isa = PBXGroup;
			children = (
				9C9D89722A9D5B1800DC1D72 /* SetGame.swift */,
			);
			path = Model;
			sourceTree = "<group>";
		};
/* End PBXGroup section */

/* Begin PBXNativeTarget section */
		9C9D89592A9D5A2900DC1D72 /* sol_4 */ = {
			isa = PBXNativeTarget;
			buildConfigurationList = 9C9D89682A9D5A2F00DC1D72 /* Build configuration list for PBXNativeTarget "sol_4" */;
			buildPhases = (
				9C9D89562A9D5A2900DC1D72 /* Sources */,
				9C9D89572A9D5A2900DC1D72 /* Frameworks */,
				9C9D89582A9D5A2900DC1D72 /* Resources */,
			);
			buildRules = (
			);
			dependencies = (
			);
			name = sol_4;
			productName = sol_4;
			productReference = 9C9D895A2A9D5A2900DC1D72 /* sol_4.app */;
			productType = "com.apple.product-type.application";
		};
/* End PBXNativeTarget section */

/* Begin PBXProject section */
		9C9D89522A9D5A2900DC1D72 /* Project object */ = {
			isa = PBXProject;
			attributes = {
				BuildIndependentTargetsInParallel = 1;
				LastSwiftUpdateCheck = 1500;
				LastUpgradeCheck = 1500;
				TargetAttributes = {
					9C9D89592A9D5A2900DC1D72 = {
						CreatedOnToolsVersion = 15.0;
					};
				};
			};
			buildConfigurationList = 9C9D89552A9D5A2900DC1D72 /* Build configuration list for PBXProject "sol_4" */;
			compatibilityVersion = "Xcode 14.0";
			developmentRegion = en;
			hasScannedForEncodings = 0;
			knownRegions = (
				en,
				Base,
			);
			mainGroup = 9C9D89512A9D5A2900DC1D72;
			productRefGroup = 9C9D895B2A9D5A2900DC1D72 /* Products */;
			projectDirPath = "";
			projectRoot = "";
			targets = (
				9C9D89592A9D5A2900DC1D72 /* sol_4 */,
			);
		};
/* End PBXProject section */

/* Begin PBXResourcesBuildPhase section */
		9C9D89582A9D5A2900DC1D72 /* Resources */ = {
			isa = PBXResourcesBuildPhase;
			buildActionMask = 2147483647;
			files = (
				9C9D89652A9D5A2F00DC1D72 /* Preview Assets.xcassets in Resources */,
				9C9D89622A9D5A2F00DC1D72 /* Assets.xcassets in Resources */,
			);
			runOnlyForDeploymentPostprocessing = 0;
		};
/* End PBXResourcesBuildPhase section */

/* Begin PBXSourcesBuildPhase section */
		9C9D89562A9D5A2900DC1D72 /* Sources */ = {
			isa = PBXSourcesBuildPhase;
			buildActionMask = 2147483647;
			files = (
				9C9D897A2A9D5B3700DC1D72 /* Diamond.swift in Sources */,
				9C3B3B362A9D9AAF00B065F3 /* CardBack.swift in Sources */,
				9C9D89792A9D5B3700DC1D72 /* Squiggle.swift in Sources */,
				9C9D89702A9D5B0800DC1D72 /* SymbolSetGame.swift in Sources */,
				9C9D897C2A9D5B3700DC1D72 /* SymbolBuilder.swift in Sources */,
				9C3B3B322A9D73FA00B065F3 /* CardView.swift in Sources */,
				9C9D897B2A9D5B3700DC1D72 /* Oval.swift in Sources */,
				9C9D89712A9D5B0800DC1D72 /* SymbolSetGameView.swift in Sources */,
				9C9D89732A9D5B1800DC1D72 /* SetGame.swift in Sources */,
				9C9D895E2A9D5A2900DC1D72 /* sol_4App.swift in Sources */,
				9C9D897D2A9D5B3700DC1D72 /* AspectVGrid.swift in Sources */,
			);
			runOnlyForDeploymentPostprocessing = 0;
		};
/* End PBXSourcesBuildPhase section */

/* Begin XCBuildConfiguration section */
		9C9D89662A9D5A2F00DC1D72 /* Debug */ = {
			isa = XCBuildConfiguration;
			buildSettings = {
				ALWAYS_SEARCH_USER_PATHS = NO;
				ASSETCATALOG_COMPILER_GENERATE_SWIFT_ASSET_SYMBOL_EXTENSIONS = YES;
				CLANG_ANALYZER_NONNULL = YES;
				CLANG_ANALYZER_NUMBER_OBJECT_CONVERSION = YES_AGGRESSIVE;
				CLANG_CXX_LANGUAGE_STANDARD = "gnu++20";
				CLANG_ENABLE_MODULES = YES;
				CLANG_ENABLE_OBJC_ARC = YES;
				CLANG_ENABLE_OBJC_WEAK = YES;
				CLANG_WARN_BLOCK_CAPTURE_AUTORELEASING = YES;
				CLANG_WARN_BOOL_CONVERSION = YES;
				CLANG_WARN_COMMA = YES;
				CLANG_WARN_CONSTANT_CONVERSION = YES;
				CLANG_WARN_DEPRECATED_OBJC_IMPLEMENTATIONS = YES;
				CLANG_WARN_DIRECT_OBJC_ISA_USAGE = YES_ERROR;
				CLANG_WARN_DOCUMENTATION_COMMENTS = YES;
				CLANG_WARN_EMPTY_BODY = YES;
				CLANG_WARN_ENUM_CONVERSION = YES;
				CLANG_WARN_INFINITE_RECURSION = YES;
				CLANG_WARN_INT_CONVERSION = YES;
				CLANG_WARN_NON_LITERAL_NULL_CONVERSION = YES;
				CLANG_WARN_OBJC_IMPLICIT_RETAIN_SELF = YES;
				CLANG_WARN_OBJC_LITERAL_CONVERSION = YES;
				CLANG_WARN_OBJC_ROOT_CLASS = YES_ERROR;
				CLANG_WARN_QUOTED_INCLUDE_IN_FRAMEWORK_HEADER = YES;
				CLANG_WARN_RANGE_LOOP_ANALYSIS = YES;
				CLANG_WARN_STRICT_PROTOTYPES = YES;
				CLANG_WARN_SUSPICIOUS_MOVE = YES;
				CLANG_WARN_UNGUARDED_AVAILABILITY = YES_AGGRESSIVE;
				CLANG_WARN_UNREACHABLE_CODE = YES;
				CLANG_WARN__DUPLICATE_METHOD_MATCH = YES;
				COPY_PHASE_STRIP = NO;
				DEBUG_INFORMATION_FORMAT = dwarf;
				ENABLE_STRICT_OBJC_MSGSEND = YES;
				ENABLE_TESTABILITY = YES;
				ENABLE_USER_SCRIPT_SANDBOXING = YES;
				GCC_C_LANGUAGE_STANDARD = gnu17;
				GCC_DYNAMIC_NO_PIC = NO;
				GCC_NO_COMMON_BLOCKS = YES;
				GCC_OPTIMIZATION_LEVEL = 0;
				GCC_PREPROCESSOR_DEFINITIONS = (
					"DEBUG=1",
					"$(inherited)",
				);
				GCC_WARN_64_TO_32_BIT_CONVERSION = YES;
				GCC_WARN_ABOUT_RETURN_TYPE = YES_ERROR;
				GCC_WARN_UNDECLARED_SELECTOR = YES;
				GCC_WARN_UNINITIALIZED_AUTOS = YES_AGGRESSIVE;
				GCC_WARN_UNUSED_FUNCTION = YES;
				GCC_WARN_UNUSED_VARIABLE = YES;
				IPHONEOS_DEPLOYMENT_TARGET = 17.0;
				LOCALIZATION_PREFERS_STRING_CATALOGS = YES;
				MTL_ENABLE_DEBUG_INFO = INCLUDE_SOURCE;
				MTL_FAST_MATH = YES;
				ONLY_ACTIVE_ARCH = YES;
				SDKROOT = iphoneos;
				SWIFT_ACTIVE_COMPILATION_CONDITIONS = "DEBUG $(inherited)";
				SWIFT_OPTIMIZATION_LEVEL = "-Onone";
			};
			name = Debug;
		};
		9C9D89672A9D5A2F00DC1D72 /* Release */ = {
			isa = XCBuildConfiguration;
			buildSettings = {
				ALWAYS_SEARCH_USER_PATHS = NO;
				ASSETCATALOG_COMPILER_GENERATE_SWIFT_ASSET_SYMBOL_EXTENSIONS = YES;
				CLANG_ANALYZER_NONNULL = YES;
				CLANG_ANALYZER_NUMBER_OBJECT_CONVERSION = YES_AGGRESSIVE;
				CLANG_CXX_LANGUAGE_STANDARD = "gnu++20";
				CLANG_ENABLE_MODULES = YES;
				CLANG_ENABLE_OBJC_ARC = YES;
				CLANG_ENABLE_OBJC_WEAK = YES;
				CLANG_WARN_BLOCK_CAPTURE_AUTORELEASING = YES;
				CLANG_WARN_BOOL_CONVERSION = YES;
				CLANG_WARN_COMMA = YES;
				CLANG_WARN_CONSTANT_CONVERSION = YES;
				CLANG_WARN_DEPRECATED_OBJC_IMPLEMENTATIONS = YES;
				CLANG_WARN_DIRECT_OBJC_ISA_USAGE = YES_ERROR;
				CLANG_WARN_DOCUMENTATION_COMMENTS = YES;
				CLANG_WARN_EMPTY_BODY = YES;
				CLANG_WARN_ENUM_CONVERSION = YES;
				CLANG_WARN_INFINITE_RECURSION = YES;
				CLANG_WARN_INT_CONVERSION = YES;
				CLANG_WARN_NON_LITERAL_NULL_CONVERSION = YES;
				CLANG_WARN_OBJC_IMPLICIT_RETAIN_SELF = YES;
				CLANG_WARN_OBJC_LITERAL_CONVERSION = YES;
				CLANG_WARN_OBJC_ROOT_CLASS = YES_ERROR;
				CLANG_WARN_QUOTED_INCLUDE_IN_FRAMEWORK_HEADER = YES;
				CLANG_WARN_RANGE_LOOP_ANALYSIS = YES;
				CLANG_WARN_STRICT_PROTOTYPES = YES;
				CLANG_WARN_SUSPICIOUS_MOVE = YES;
				CLANG_WARN_UNGUARDED_AVAILABILITY = YES_AGGRESSIVE;
				CLANG_WARN_UNREACHABLE_CODE = YES;
				CLANG_WARN__DUPLICATE_METHOD_MATCH = YES;
				COPY_PHASE_STRIP = NO;
				DEBUG_INFORMATION_FORMAT = "dwarf-with-dsym";
				ENABLE_NS_ASSERTIONS = NO;
				ENABLE_STRICT_OBJC_MSGSEND = YES;
				ENABLE_USER_SCRIPT_SANDBOXING = YES;
				GCC_C_LANGUAGE_STANDARD = gnu17;
				GCC_NO_COMMON_BLOCKS = YES;
				GCC_WARN_64_TO_32_BIT_CONVERSION = YES;
				GCC_WARN_ABOUT_RETURN_TYPE = YES_ERROR;
				GCC_WARN_UNDECLARED_SELECTOR = YES;
				GCC_WARN_UNINITIALIZED_AUTOS = YES_AGGRESSIVE;
				GCC_WARN_UNUSED_FUNCTION = YES;
				GCC_WARN_UNUSED_VARIABLE = YES;
				IPHONEOS_DEPLOYMENT_TARGET = 17.0;
				LOCALIZATION_PREFERS_STRING_CATALOGS = YES;
				MTL_ENABLE_DEBUG_INFO = NO;
				MTL_FAST_MATH = YES;
				SDKROOT = iphoneos;
				SWIFT_COMPILATION_MODE = wholemodule;
				VALIDATE_PRODUCT = YES;
			};
			name = Release;
		};
		9C9D89692A9D5A2F00DC1D72 /* Debug */ = {
			isa = XCBuildConfiguration;
			buildSettings = {
				ASSETCATALOG_COMPILER_APPICON_NAME = AppIcon;
				ASSETCATALOG_COMPILER_GLOBAL_ACCENT_COLOR_NAME = AccentColor;
				CODE_SIGN_STYLE = Automatic;
				CURRENT_PROJECT_VERSION = 1;
				DEVELOPMENT_ASSET_PATHS = "\"sol_4/Preview Content\"";
				DEVELOPMENT_TEAM = P982XU9LUB;
				ENABLE_PREVIEWS = YES;
				GENERATE_INFOPLIST_FILE = YES;
				INFOPLIST_KEY_UIApplicationSceneManifest_Generation = YES;
				INFOPLIST_KEY_UIApplicationSupportsIndirectInputEvents = YES;
				INFOPLIST_KEY_UILaunchScreen_Generation = YES;
				INFOPLIST_KEY_UISupportedInterfaceOrientations_iPad = "UIInterfaceOrientationPortrait UIInterfaceOrientationPortraitUpsideDown UIInterfaceOrientationLandscapeLeft UIInterfaceOrientationLandscapeRight";
				INFOPLIST_KEY_UISupportedInterfaceOrientations_iPhone = "UIInterfaceOrientationPortrait UIInterfaceOrientationLandscapeLeft UIInterfaceOrientationLandscapeRight";
				LD_RUNPATH_SEARCH_PATHS = (
					"$(inherited)",
					"@executable_path/Frameworks",
				);
				MARKETING_VERSION = 1.0;
				PRODUCT_BUNDLE_IDENTIFIER = "cs193p.stanford.edu.sol-4";
				PRODUCT_NAME = "$(TARGET_NAME)";
				SWIFT_EMIT_LOC_STRINGS = YES;
				SWIFT_VERSION = 5.0;
				TARGETED_DEVICE_FAMILY = "1,2";
			};
			name = Debug;
		};
		9C9D896A2A9D5A2F00DC1D72 /* Release */ = {
			isa = XCBuildConfiguration;
			buildSettings = {
				ASSETCATALOG_COMPILER_APPICON_NAME = AppIcon;
				ASSETCATALOG_COMPILER_GLOBAL_ACCENT_COLOR_NAME = AccentColor;
				CODE_SIGN_STYLE = Automatic;
				CURRENT_PROJECT_VERSION = 1;
				DEVELOPMENT_ASSET_PATHS = "\"sol_4/Preview Content\"";
				DEVELOPMENT_TEAM = P982XU9LUB;
				ENABLE_PREVIEWS = YES;
				GENERATE_INFOPLIST_FILE = YES;
				INFOPLIST_KEY_UIApplicationSceneManifest_Generation = YES;
				INFOPLIST_KEY_UIApplicationSupportsIndirectInputEvents = YES;
				INFOPLIST_KEY_UILaunchScreen_Generation = YES;
				INFOPLIST_KEY_UISupportedInterfaceOrientations_iPad = "UIInterfaceOrientationPortrait UIInterfaceOrientationPortraitUpsideDown UIInterfaceOrientationLandscapeLeft UIInterfaceOrientationLandscapeRight";
				INFOPLIST_KEY_UISupportedInterfaceOrientations_iPhone = "UIInterfaceOrientationPortrait UIInterfaceOrientationLandscapeLeft UIInterfaceOrientationLandscapeRight";
				LD_RUNPATH_SEARCH_PATHS = (
					"$(inherited)",
					"@executable_path/Frameworks",
				);
				MARKETING_VERSION = 1.0;
				PRODUCT_BUNDLE_IDENTIFIER = "cs193p.stanford.edu.sol-4";
				PRODUCT_NAME = "$(TARGET_NAME)";
				SWIFT_EMIT_LOC_STRINGS = YES;
				SWIFT_VERSION = 5.0;
				TARGETED_DEVICE_FAMILY = "1,2";
			};
			name = Release;
		};
/* End XCBuildConfiguration section */

/* Begin XCConfigurationList section */
		9C9D89552A9D5A2900DC1D72 /* Build configuration list for PBXProject "sol_4" */ = {
			isa = XCConfigurationList;
			buildConfigurations = (
				9C9D89662A9D5A2F00DC1D72 /* Debug */,
				9C9D89672A9D5A2F00DC1D72 /* Release */,
			);
			defaultConfigurationIsVisible = 0;
			defaultConfigurationName = Release;
		};
		9C9D89682A9D5A2F00DC1D72 /* Build configuration list for PBXNativeTarget "sol_4" */ = {
			isa = XCConfigurationList;
			buildConfigurations = (
				9C9D89692A9D5A2F00DC1D72 /* Debug */,
				9C9D896A2A9D5A2F00DC1D72 /* Release */,
			);
			defaultConfigurationIsVisible = 0;
			defaultConfigurationName = Release;
		};
/* End XCConfigurationList section */
	};
	rootObject = 9C9D89522A9D5A2900DC1D72 /* Project object */;
}
