// !$*UTF8*$!
{
	archiveVersion = 1;
	classes = {
	};
	objectVersion = 56;
	objects = {

/* Begin PBXBuildFile section */
		9C257EF92A9C62A000E1187E /* EmojiArtApp.swift in Sources */ = {isa = PBXBuildFile; fileRef = 9C257EF82A9C62A000E1187E /* EmojiArtApp.swift */; };
		9C257EFD2A9C62A600E1187E /* Assets.xcassets in Resources */ = {isa = PBXBuildFile; fileRef = 9C257EFC2A9C62A600E1187E /* Assets.xcassets */; };
		9C257F002A9C62A600E1187E /* Preview Assets.xcassets in Resources */ = {isa = PBXBuildFile; fileRef = 9C257EFF2A9C62A600E1187E /* Preview Assets.xcassets */; };
		9C257F072A9C639800E1187E /* EmojiArt.swift in Sources */ = {isa = PBXBuildFile; fileRef = 9C257F062A9C639700E1187E /* EmojiArt.swift */; };
		9C257F092A9C653700E1187E /* EmojiArtDocument.swift in Sources */ = {isa = PBXBuildFile; fileRef = 9C257F082A9C653700E1187E /* EmojiArtDocument.swift */; };
		9C257F0D2A9C671600E1187E /* EmojiArtDocumentView.swift in Sources */ = {isa = PBXBuildFile; fileRef = 9C257F0C2A9C671600E1187E /* EmojiArtDocumentView.swift */; };
		9C32D3022AA863A6007EC302 /* PaletteEditor.swift in Sources */ = {isa = PBXBuildFile; fileRef = 9C32D3012AA863A6007EC302 /* PaletteEditor.swift */; };
		9C32D3062AA9389F007EC302 /* Extensions.swift in Sources */ = {isa = PBXBuildFile; fileRef = 9C32D3052AA9389F007EC302 /* Extensions.swift */; };
		9C32D30C2AA939E7007EC302 /* Extensions.swift in Sources */ = {isa = PBXBuildFile; fileRef = 9C32D30B2AA939E7007EC302 /* Extensions.swift */; };
		9C32D30E2AA9864C007EC302 /* PaletteList.swift in Sources */ = {isa = PBXBuildFile; fileRef = 9C32D30D2AA9864C007EC302 /* PaletteList.swift */; };
		9C32D3102AA99F26007EC302 /* PaletteManager.swift in Sources */ = {isa = PBXBuildFile; fileRef = 9C32D30F2AA99F26007EC302 /* PaletteManager.swift */; };
		9C8302022A9F1F550032B135 /* Palette.swift in Sources */ = {isa = PBXBuildFile; fileRef = 9C8302012A9F1F550032B135 /* Palette.swift */; };
		9C8302062A9F208B0032B135 /* PaletteStore.swift in Sources */ = {isa = PBXBuildFile; fileRef = 9C8302052A9F208B0032B135 /* PaletteStore.swift */; };
		9C8302082AA008480032B135 /* PaletteChooser.swift in Sources */ = {isa = PBXBuildFile; fileRef = 9C8302072AA008480032B135 /* PaletteChooser.swift */; };
		9C9D897F2A9D5BE700DC1D72 /* Sturldata.swift in Sources */ = {isa = PBXBuildFile; fileRef = 9C9D897E2A9D5BE700DC1D72 /* Sturldata.swift */; };
/* End PBXBuildFile section */

/* Begin PBXFileReference section */
		9C257EF52A9C62A000E1187E /* EmojiArt.app */ = {isa = PBXFileReference; explicitFileType = wrapper.application; includeInIndex = 0; path = EmojiArt.app; sourceTree = BUILT_PRODUCTS_DIR; };
		9C257EF82A9C62A000E1187E /* EmojiArtApp.swift */ = {isa = PBXFileReference; lastKnownFileType = sourcecode.swift; path = EmojiArtApp.swift; sourceTree = "<group>"; };
		9C257EFC2A9C62A600E1187E /* Assets.xcassets */ = {isa = PBXFileReference; lastKnownFileType = folder.assetcatalog; path = Assets.xcassets; sourceTree = "<group>"; };
		9C257EFF2A9C62A600E1187E /* Preview Assets.xcassets */ = {isa = PBXFileReference; lastKnownFileType = folder.assetcatalog; path = "Preview Assets.xcassets"; sourceTree = "<group>"; };
		9C257F062A9C639700E1187E /* EmojiArt.swift */ = {isa = PBXFileReference; lastKnownFileType = sourcecode.swift; path = EmojiArt.swift; sourceTree = "<group>"; };
		9C257F082A9C653700E1187E /* EmojiArtDocument.swift */ = {isa = PBXFileReference; lastKnownFileType = sourcecode.swift; path = EmojiArtDocument.swift; sourceTree = "<group>"; };
		9C257F0C2A9C671600E1187E /* EmojiArtDocumentView.swift */ = {isa = PBXFileReference; lastKnownFileType = sourcecode.swift; path = EmojiArtDocumentView.swift; sourceTree = "<group>"; };
		9C32D3012AA863A6007EC302 /* PaletteEditor.swift */ = {isa = PBXFileReference; lastKnownFileType = sourcecode.swift; path = PaletteEditor.swift; sourceTree = "<group>"; };
		9C32D3052AA9389F007EC302 /* Extensions.swift */ = {isa = PBXFileReference; fileEncoding = 4; lastKnownFileType = sourcecode.swift; name = Extensions.swift; path = "../../../o/Emoji Art L12/Emoji Art/Extensions.swift"; sourceTree = "<group>"; };
		9C32D30B2AA939E7007EC302 /* Extensions.swift */ = {isa = PBXFileReference; fileEncoding = 4; lastKnownFileType = sourcecode.swift; name = Extensions.swift; path = "../../../o/Emoji Art L12/Emoji Art/Extensions.swift"; sourceTree = "<group>"; };
		9C32D30D2AA9864C007EC302 /* PaletteList.swift */ = {isa = PBXFileReference; lastKnownFileType = sourcecode.swift; path = PaletteList.swift; sourceTree = "<group>"; };
		9C32D30F2AA99F26007EC302 /* PaletteManager.swift */ = {isa = PBXFileReference; lastKnownFileType = sourcecode.swift; path = PaletteManager.swift; sourceTree = "<group>"; };
		9C8302012A9F1F550032B135 /* Palette.swift */ = {isa = PBXFileReference; lastKnownFileType = sourcecode.swift; path = Palette.swift; sourceTree = "<group>"; };
		9C8302052A9F208B0032B135 /* PaletteStore.swift */ = {isa = PBXFileReference; lastKnownFileType = sourcecode.swift; path = PaletteStore.swift; sourceTree = "<group>"; };
		9C8302072AA008480032B135 /* PaletteChooser.swift */ = {isa = PBXFileReference; lastKnownFileType = sourcecode.swift; path = PaletteChooser.swift; sourceTree = "<group>"; };
		9C9D897E2A9D5BE700DC1D72 /* Sturldata.swift */ = {isa = PBXFileReference; fileEncoding = 4; lastKnownFileType = sourcecode.swift; path = Sturldata.swift; sourceTree = "<group>"; };
/* End PBXFileReference section */

/* Begin PBXFrameworksBuildPhase section */
		9C257EF22A9C62A000E1187E /* Frameworks */ = {
			isa = PBXFrameworksBuildPhase;
			buildActionMask = 2147483647;
			files = (
			);
			runOnlyForDeploymentPostprocessing = 0;
		};
/* End PBXFrameworksBuildPhase section */

/* Begin PBXGroup section */
		9C257EEC2A9C62A000E1187E = {
			isa = PBXGroup;
			children = (
				9C32D30F2AA99F26007EC302 /* PaletteManager.swift */,
				9C257EF72A9C62A000E1187E /* EmojiArt */,
				9C257EF62A9C62A000E1187E /* Products */,
			);
			sourceTree = "<group>";
		};
		9C257EF62A9C62A000E1187E /* Products */ = {
			isa = PBXGroup;
			children = (
				9C257EF52A9C62A000E1187E /* EmojiArt.app */,
			);
			name = Products;
			sourceTree = "<group>";
		};
		9C257EF72A9C62A000E1187E /* EmojiArt */ = {
			isa = PBXGroup;
			children = (
				9C32D3052AA9389F007EC302 /* Extensions.swift */,
				9C257F062A9C639700E1187E /* EmojiArt.swift */,
				9C257EF82A9C62A000E1187E /* EmojiArtApp.swift */,
				9C257F082A9C653700E1187E /* EmojiArtDocument.swift */,
				9C257F0C2A9C671600E1187E /* EmojiArtDocumentView.swift */,
				9C32D30B2AA939E7007EC302 /* Extensions.swift */,
				9C8302012A9F1F550032B135 /* Palette.swift */,
				9C8302072AA008480032B135 /* PaletteChooser.swift */,
				9C32D3012AA863A6007EC302 /* PaletteEditor.swift */,
				9C32D30D2AA9864C007EC302 /* PaletteList.swift */,
				9C8302052A9F208B0032B135 /* PaletteStore.swift */,
				9C9D897E2A9D5BE700DC1D72 /* Sturldata.swift */,
				9C257EFC2A9C62A600E1187E /* Assets.xcassets */,
				9C257EFE2A9C62A600E1187E /* Preview Content */,
			);
			path = EmojiArt;
			sourceTree = "<group>";
		};
		9C257EFE2A9C62A600E1187E /* Preview Content */ = {
			isa = PBXGroup;
			children = (
				9C257EFF2A9C62A600E1187E /* Preview Assets.xcassets */,
			);
			path = "Preview Content";
			sourceTree = "<group>";
		};
/* End PBXGroup section */

/* Begin PBXNativeTarget section */
		9C257EF42A9C62A000E1187E /* EmojiArt */ = {
			isa = PBXNativeTarget;
			buildConfigurationList = 9C257F032A9C62A600E1187E /* Build configuration list for PBXNativeTarget "EmojiArt" */;
			buildPhases = (
				9C257EF12A9C62A000E1187E /* Sources */,
				9C257EF22A9C62A000E1187E /* Frameworks */,
				9C257EF32A9C62A000E1187E /* Resources */,
			);
			buildRules = (
			);
			dependencies = (
			);
			name = EmojiArt;
			productName = EmojiArt;
			productReference = 9C257EF52A9C62A000E1187E /* EmojiArt.app */;
			productType = "com.apple.product-type.application";
		};
/* End PBXNativeTarget section */

/* Begin PBXProject section */
		9C257EED2A9C62A000E1187E /* Project object */ = {
			isa = PBXProject;
			attributes = {
				BuildIndependentTargetsInParallel = 1;
				LastSwiftUpdateCheck = 1500;
				LastUpgradeCheck = 1500;
				TargetAttributes = {
					9C257EF42A9C62A000E1187E = {
						CreatedOnToolsVersion = 15.0;
					};
				};
			};
			buildConfigurationList = 9C257EF02A9C62A000E1187E /* Build configuration list for PBXProject "EmojiArt" */;
			compatibilityVersion = "Xcode 14.0";
			developmentRegion = en;
			hasScannedForEncodings = 0;
			knownRegions = (
				en,
				Base,
			);
			mainGroup = 9C257EEC2A9C62A000E1187E;
			productRefGroup = 9C257EF62A9C62A000E1187E /* Products */;
			projectDirPath = "";
			projectRoot = "";
			targets = (
				9C257EF42A9C62A000E1187E /* EmojiArt */,
			);
		};
/* End PBXProject section */

/* Begin PBXResourcesBuildPhase section */
		9C257EF32A9C62A000E1187E /* Resources */ = {
			isa = PBXResourcesBuildPhase;
			buildActionMask = 2147483647;
			files = (
				9C257F002A9C62A600E1187E /* Preview Assets.xcassets in Resources */,
				9C257EFD2A9C62A600E1187E /* Assets.xcassets in Resources */,
			);
			runOnlyForDeploymentPostprocessing = 0;
		};
/* End PBXResourcesBuildPhase section */

/* Begin PBXSourcesBuildPhase section */
		9C257EF12A9C62A000E1187E /* Sources */ = {
			isa = PBXSourcesBuildPhase;
			buildActionMask = 2147483647;
			files = (
				9C32D3102AA99F26007EC302 /* PaletteManager.swift in Sources */,
				9C257F0D2A9C671600E1187E /* EmojiArtDocumentView.swift in Sources */,
				9C8302062A9F208B0032B135 /* PaletteStore.swift in Sources */,
				9C32D3022AA863A6007EC302 /* PaletteEditor.swift in Sources */,
				9C32D30E2AA9864C007EC302 /* PaletteList.swift in Sources */,
				9C257F072A9C639800E1187E /* EmojiArt.swift in Sources */,
				9C257EF92A9C62A000E1187E /* EmojiArtApp.swift in Sources */,
				9C9D897F2A9D5BE700DC1D72 /* Sturldata.swift in Sources */,
				9C257F092A9C653700E1187E /* EmojiArtDocument.swift in Sources */,
				9C32D30C2AA939E7007EC302 /* Extensions.swift in Sources */,
				9C8302022A9F1F550032B135 /* Palette.swift in Sources */,
				9C32D3062AA9389F007EC302 /* Extensions.swift in Sources */,
				9C8302082AA008480032B135 /* PaletteChooser.swift in Sources */,
			);
			runOnlyForDeploymentPostprocessing = 0;
		};
/* End PBXSourcesBuildPhase section */

/* Begin XCBuildConfiguration section */
		9C257F012A9C62A600E1187E /* Debug */ = {
			isa = XCBuildConfiguration;
			buildSettings = {
				ALWAYS_SEARCH_USER_PATHS = NO;
				ASSETCATALOG_COMPILER_GENERATE_SWIFT_ASSET_SYMBOL_EXTENSIONS = YES;
				CLANG_ANALYZER_NONNULL = YES;
				CLANG_ANALYZER_NUMBER_OBJECT_CONVERSION = YES_AGGRESSIVE;
				CLANG_CXX_LANGUAGE_STANDARD = "gnu++20";
				CLANG_ENABLE_MODULES = YES;
				CLANG_ENABLE_OBJC_ARC = YES;
				CLANG_ENABLE_OBJC_WEAK = YES;
				CLANG_WARN_BLOCK_CAPTURE_AUTORELEASING = YES;
				CLANG_WARN_BOOL_CONVERSION = YES;
				CLANG_WARN_COMMA = YES;
				CLANG_WARN_CONSTANT_CONVERSION = YES;
				CLANG_WARN_DEPRECATED_OBJC_IMPLEMENTATIONS = YES;
				CLANG_WARN_DIRECT_OBJC_ISA_USAGE = YES_ERROR;
				CLANG_WARN_DOCUMENTATION_COMMENTS = YES;
				CLANG_WARN_EMPTY_BODY = YES;
				CLANG_WARN_ENUM_CONVERSION = YES;
				CLANG_WARN_INFINITE_RECURSION = YES;
				CLANG_WARN_INT_CONVERSION = YES;
				CLANG_WARN_NON_LITERAL_NULL_CONVERSION = YES;
				CLANG_WARN_OBJC_IMPLICIT_RETAIN_SELF = YES;
				CLANG_WARN_OBJC_LITERAL_CONVERSION = YES;
				CLANG_WARN_OBJC_ROOT_CLASS = YES_ERROR;
				CLANG_WARN_QUOTED_INCLUDE_IN_FRAMEWORK_HEADER = YES;
				CLANG_WARN_RANGE_LOOP_ANALYSIS = YES;
				CLANG_WARN_STRICT_PROTOTYPES = YES;
				CLANG_WARN_SUSPICIOUS_MOVE = YES;
				CLANG_WARN_UNGUARDED_AVAILABILITY = YES_AGGRESSIVE;
				CLANG_WARN_UNREACHABLE_CODE = YES;
				CLANG_WARN__DUPLICATE_METHOD_MATCH = YES;
				COPY_PHASE_STRIP = NO;
				DEBUG_INFORMATION_FORMAT = dwarf;
				ENABLE_STRICT_OBJC_MSGSEND = YES;
				ENABLE_TESTABILITY = YES;
				ENABLE_USER_SCRIPT_SANDBOXING = YES;
				GCC_C_LANGUAGE_STANDARD = gnu17;
				GCC_DYNAMIC_NO_PIC = NO;
				GCC_NO_COMMON_BLOCKS = YES;
				GCC_OPTIMIZATION_LEVEL = 0;
				GCC_PREPROCESSOR_DEFINITIONS = (
					"DEBUG=1",
					"$(inherited)",
				);
				GCC_WARN_64_TO_32_BIT_CONVERSION = YES;
				GCC_WARN_ABOUT_RETURN_TYPE = YES_ERROR;
				GCC_WARN_UNDECLARED_SELECTOR = YES;
				GCC_WARN_UNINITIALIZED_AUTOS = YES_AGGRESSIVE;
				GCC_WARN_UNUSED_FUNCTION = YES;
				GCC_WARN_UNUSED_VARIABLE = YES;
				IPHONEOS_DEPLOYMENT_TARGET = 17.0;
				LOCALIZATION_PREFERS_STRING_CATALOGS = YES;
				MTL_ENABLE_DEBUG_INFO = INCLUDE_SOURCE;
				MTL_FAST_MATH = YES;
				ONLY_ACTIVE_ARCH = YES;
				SDKROOT = iphoneos;
				SWIFT_ACTIVE_COMPILATION_CONDITIONS = "DEBUG $(inherited)";
				SWIFT_OPTIMIZATION_LEVEL = "-Onone";
			};
			name = Debug;
		};
		9C257F022A9C62A600E1187E /* Release */ = {
			isa = XCBuildConfiguration;
			buildSettings = {
				ALWAYS_SEARCH_USER_PATHS = NO;
				ASSETCATALOG_COMPILER_GENERATE_SWIFT_ASSET_SYMBOL_EXTENSIONS = YES;
				CLANG_ANALYZER_NONNULL = YES;
				CLANG_ANALYZER_NUMBER_OBJECT_CONVERSION = YES_AGGRESSIVE;
				CLANG_CXX_LANGUAGE_STANDARD = "gnu++20";
				CLANG_ENABLE_MODULES = YES;
				CLANG_ENABLE_OBJC_ARC = YES;
				CLANG_ENABLE_OBJC_WEAK = YES;
				CLANG_WARN_BLOCK_CAPTURE_AUTORELEASING = YES;
				CLANG_WARN_BOOL_CONVERSION = YES;
				CLANG_WARN_COMMA = YES;
				CLANG_WARN_CONSTANT_CONVERSION = YES;
				CLANG_WARN_DEPRECATED_OBJC_IMPLEMENTATIONS = YES;
				CLANG_WARN_DIRECT_OBJC_ISA_USAGE = YES_ERROR;
				CLANG_WARN_DOCUMENTATION_COMMENTS = YES;
				CLANG_WARN_EMPTY_BODY = YES;
				CLANG_WARN_ENUM_CONVERSION = YES;
				CLANG_WARN_INFINITE_RECURSION = YES;
				CLANG_WARN_INT_CONVERSION = YES;
				CLANG_WARN_NON_LITERAL_NULL_CONVERSION = YES;
				CLANG_WARN_OBJC_IMPLICIT_RETAIN_SELF = YES;
				CLANG_WARN_OBJC_LITERAL_CONVERSION = YES;
				CLANG_WARN_OBJC_ROOT_CLASS = YES_ERROR;
				CLANG_WARN_QUOTED_INCLUDE_IN_FRAMEWORK_HEADER = YES;
				CLANG_WARN_RANGE_LOOP_ANALYSIS = YES;
				CLANG_WARN_STRICT_PROTOTYPES = YES;
				CLANG_WARN_SUSPICIOUS_MOVE = YES;
				CLANG_WARN_UNGUARDED_AVAILABILITY = YES_AGGRESSIVE;
				CLANG_WARN_UNREACHABLE_CODE = YES;
				CLANG_WARN__DUPLICATE_METHOD_MATCH = YES;
				COPY_PHASE_STRIP = NO;
				DEBUG_INFORMATION_FORMAT = "dwarf-with-dsym";
				ENABLE_NS_ASSERTIONS = NO;
				ENABLE_STRICT_OBJC_MSGSEND = YES;
				ENABLE_USER_SCRIPT_SANDBOXING = YES;
				GCC_C_LANGUAGE_STANDARD = gnu17;
				GCC_NO_COMMON_BLOCKS = YES;
				GCC_WARN_64_TO_32_BIT_CONVERSION = YES;
				GCC_WARN_ABOUT_RETURN_TYPE = YES_ERROR;
				GCC_WARN_UNDECLARED_SELECTOR = YES;
				GCC_WARN_UNINITIALIZED_AUTOS = YES_AGGRESSIVE;
				GCC_WARN_UNUSED_FUNCTION = YES;
				GCC_WARN_UNUSED_VARIABLE = YES;
				IPHONEOS_DEPLOYMENT_TARGET = 17.0;
				LOCALIZATION_PREFERS_STRING_CATALOGS = YES;
				MTL_ENABLE_DEBUG_INFO = NO;
				MTL_FAST_MATH = YES;
				SDKROOT = iphoneos;
				SWIFT_COMPILATION_MODE = wholemodule;
				VALIDATE_PRODUCT = YES;
			};
			name = Release;
		};
		9C257F042A9C62A600E1187E /* Debug */ = {
			isa = XCBuildConfiguration;
			buildSettings = {
				ASSETCATALOG_COMPILER_APPICON_NAME = AppIcon;
				ASSETCATALOG_COMPILER_GLOBAL_ACCENT_COLOR_NAME = AccentColor;
				CODE_SIGN_STYLE = Automatic;
				CURRENT_PROJECT_VERSION = 1;
				DEVELOPMENT_ASSET_PATHS = "\"EmojiArt/Preview Content\"";
				DEVELOPMENT_TEAM = P982XU9LUB;
				ENABLE_PREVIEWS = YES;
				GENERATE_INFOPLIST_FILE = YES;
				INFOPLIST_KEY_UIApplicationSceneManifest_Generation = YES;
				INFOPLIST_KEY_UIApplicationSupportsIndirectInputEvents = YES;
				INFOPLIST_KEY_UILaunchScreen_Generation = YES;
				INFOPLIST_KEY_UISupportedInterfaceOrientations_iPad = "UIInterfaceOrientationPortrait UIInterfaceOrientationPortraitUpsideDown UIInterfaceOrientationLandscapeLeft UIInterfaceOrientationLandscapeRight";
				INFOPLIST_KEY_UISupportedInterfaceOrientations_iPhone = "UIInterfaceOrientationPortrait UIInterfaceOrientationLandscapeLeft UIInterfaceOrientationLandscapeRight";
				LD_RUNPATH_SEARCH_PATHS = (
					"$(inherited)",
					"@executable_path/Frameworks",
				);
				MARKETING_VERSION = 1.0;
				PRODUCT_BUNDLE_IDENTIFIER = cs193p.stanford.edu.EmojiArt;
				PRODUCT_NAME = "$(TARGET_NAME)";
				SWIFT_EMIT_LOC_STRINGS = YES;
				SWIFT_VERSION = 5.0;
				TARGETED_DEVICE_FAMILY = "1,2";
			};
			name = Debug;
		};
		9C257F052A9C62A600E1187E /* Release */ = {
			isa = XCBuildConfiguration;
			buildSettings = {
				ASSETCATALOG_COMPILER_APPICON_NAME = AppIcon;
				ASSETCATALOG_COMPILER_GLOBAL_ACCENT_COLOR_NAME = AccentColor;
				CODE_SIGN_STYLE = Automatic;
				CURRENT_PROJECT_VERSION = 1;
				DEVELOPMENT_ASSET_PATHS = "\"EmojiArt/Preview Content\"";
				DEVELOPMENT_TEAM = P982XU9LUB;
				ENABLE_PREVIEWS = YES;
				GENERATE_INFOPLIST_FILE = YES;
				INFOPLIST_KEY_UIApplicationSceneManifest_Generation = YES;
				INFOPLIST_KEY_UIApplicationSupportsIndirectInputEvents = YES;
				INFOPLIST_KEY_UILaunchScreen_Generation = YES;
				INFOPLIST_KEY_UISupportedInterfaceOrientations_iPad = "UIInterfaceOrientationPortrait UIInterfaceOrientationPortraitUpsideDown UIInterfaceOrientationLandscapeLeft UIInterfaceOrientationLandscapeRight";
				INFOPLIST_KEY_UISupportedInterfaceOrientations_iPhone = "UIInterfaceOrientationPortrait UIInterfaceOrientationLandscapeLeft UIInterfaceOrientationLandscapeRight";
				LD_RUNPATH_SEARCH_PATHS = (
					"$(inherited)",
					"@executable_path/Frameworks",
				);
				MARKETING_VERSION = 1.0;
				PRODUCT_BUNDLE_IDENTIFIER = cs193p.stanford.edu.EmojiArt;
				PRODUCT_NAME = "$(TARGET_NAME)";
				SWIFT_EMIT_LOC_STRINGS = YES;
				SWIFT_VERSION = 5.0;
				TARGETED_DEVICE_FAMILY = "1,2";
			};
			name = Release;
		};
/* End XCBuildConfiguration section */

/* Begin XCConfigurationList section */
		9C257EF02A9C62A000E1187E /* Build configuration list for PBXProject "EmojiArt" */ = {
			isa = XCConfigurationList;
			buildConfigurations = (
				9C257F012A9C62A600E1187E /* Debug */,
				9C257F022A9C62A600E1187E /* Release */,
			);
			defaultConfigurationIsVisible = 0;
			defaultConfigurationName = Release;
		};
		9C257F032A9C62A600E1187E /* Build configuration list for PBXNativeTarget "EmojiArt" */ = {
			isa = XCConfigurationList;
			buildConfigurations = (
				9C257F042A9C62A600E1187E /* Debug */,
				9C257F052A9C62A600E1187E /* Release */,
			);
			defaultConfigurationIsVisible = 0;
			defaultConfigurationName = Release;
		};
/* End XCConfigurationList section */
	};
	rootObject = 9C257EED2A9C62A000E1187E /* Project object */;
}
